# This file is autogenerated, do not edit; changes may be undone by the next 'dep ensure'.


[[projects]]
  name = "github.com/davecgh/go-spew"
  packages = ["spew"]
  revision = "04cdfd42973bb9c8589fd6a731800cf222fde1a9"

[[projects]]
  name = "github.com/golang/protobuf"
  packages = [
    "proto",
    "protoc-gen-go/descriptor",
    "protoc-gen-go/plugin"
  ]
  revision = "925541529c1fa6821df4e44ce2723319eb2be768"
  version = "v1.0.0"

[[projects]]
  name = "github.com/pmezard/go-difflib"
  packages = ["difflib"]
  revision = "d8ed2627bdf02c080bf22230dbb337003b7aba2d"

[[projects]]
  name = "github.com/pseudomuto/protokit"
  packages = ["."]
  revision = "7037620bf27b13fcdc10b1b17ddef82540db670b"
  version = "v0.1.0"

[[projects]]
  name = "github.com/stretchr/testify"
  packages = [
    "assert",
    "require",
    "suite"
  ]
  revision = "4d4bfba8f1d1027c4fdbe371823030df51419987"

[solve-meta]
  analyzer-name = "dep"
  analyzer-version = 1
  inputs-digest = "16df1c164ca7cf5644bd3a35b117fea5608d0bf240bf0e60312e41ff5a36d638"
  solver-name = "gps-cdcl"
  solver-version = 1
